
Microsoft Visual Studio Solution File, Format Version 12.00
# Visual Studio Version 16
VisualStudioVersion = 16.0.31205.134
MinimumVisualStudioVersion = 10.0.40219.1
Project("{888888A0-9F3D-457C-B088-3A5042F75D52}") = "Git", "Git\Git.pyproj", "{3D99D06C-C4B5-4446-8FA5-A523BD3994C7}"
EndProject
Global
	GlobalSection(SolutionConfigurationPlatforms) = preSolution
		Debug|Any CPU = Debug|Any CPU
		Release|Any CPU = Release|Any CPU
	EndGlobalSection
	GlobalSection(ProjectConfigurationPlatforms) = postSolution
		{3D99D06C-C4B5-4446-8FA5-A523BD3994C7}.Debug|Any CPU.ActiveCfg = Debug|Any CPU
		{3D99D06C-C4B5-4446-8FA5-A523BD3994C7}.Release|Any CPU.ActiveCfg = Release|Any CPU
	EndGlobalSection
	GlobalSection(SolutionProperties) = preSolution
		HideSolutionNode = FALSE
	EndGlobalSection
	GlobalSection(ExtensibilityGlobals) = postSolution
		SolutionGuid = {45AAC0AC-3C2E-498F-890C-69D709DA6364}
	EndGlobalSection
EndGlobal
